// !$*UTF8*$!
{
	archiveVersion = 1;
	classes = {
	};
	objectVersion = 55;
	objects = {

/* Begin PBXBuildFile section */
		934946CD28D1D40F007E0CC4 /* AppDelegate.swift in Sources */ = {isa = PBXBuildFile; fileRef = 934946CC28D1D40F007E0CC4 /* AppDelegate.swift */; };
		934946CF28D1D40F007E0CC4 /* SceneDelegate.swift in Sources */ = {isa = PBXBuildFile; fileRef = 934946CE28D1D40F007E0CC4 /* SceneDelegate.swift */; };
		934946D128D1D40F007E0CC4 /* ViewController.swift in Sources */ = {isa = PBXBuildFile; fileRef = 934946D028D1D40F007E0CC4 /* ViewController.swift */; };
		934946D428D1D40F007E0CC4 /* Main.storyboard in Resources */ = {isa = PBXBuildFile; fileRef = 934946D228D1D40F007E0CC4 /* Main.storyboard */; };
		934946D628D1D411007E0CC4 /* Assets.xcassets in Resources */ = {isa = PBXBuildFile; fileRef = 934946D528D1D411007E0CC4 /* Assets.xcassets */; };
		934946D928D1D411007E0CC4 /* LaunchScreen.storyboard in Resources */ = {isa = PBXBuildFile; fileRef = 934946D728D1D411007E0CC4 /* LaunchScreen.storyboard */; };
		934946E328D1D95A007E0CC4 /* 당근마켓 아이콘.png in Resources */ = {isa = PBXBuildFile; fileRef = 934946E228D1D95A007E0CC4 /* 당근마켓 아이콘.png */; };
		934946EC28D2E76C007E0CC4 /* Dongne.swift in Sources */ = {isa = PBXBuildFile; fileRef = 934946EB28D2E76C007E0CC4 /* Dongne.swift */; };
		934946EE28D2E8B3007E0CC4 /* Myaround.swift in Sources */ = {isa = PBXBuildFile; fileRef = 934946ED28D2E8B3007E0CC4 /* Myaround.swift */; };
		934946F028D2E923007E0CC4 /* Chat.swift in Sources */ = {isa = PBXBuildFile; fileRef = 934946EF28D2E923007E0CC4 /* Chat.swift */; };
		934946F228D2E9B3007E0CC4 /* MyDanggen.swift in Sources */ = {isa = PBXBuildFile; fileRef = 934946F128D2E9B3007E0CC4 /* MyDanggen.swift */; };
		93B21FEC28D43F1300B8EDC3 /* SnapKit in Frameworks */ = {isa = PBXBuildFile; productRef = 93B21FEB28D43F1300B8EDC3 /* SnapKit */; };
		93B21FEF28D43FB100B8EDC3 /* RxCocoa in Frameworks */ = {isa = PBXBuildFile; productRef = 93B21FEE28D43FB100B8EDC3 /* RxCocoa */; };
		93B21FF128D43FB100B8EDC3 /* RxRelay in Frameworks */ = {isa = PBXBuildFile; productRef = 93B21FF028D43FB100B8EDC3 /* RxRelay */; };
		93B21FF328D43FB100B8EDC3 /* RxSwift in Frameworks */ = {isa = PBXBuildFile; productRef = 93B21FF228D43FB100B8EDC3 /* RxSwift */; };
		93B21FF928D4703000B8EDC3 /* Main.swift in Sources */ = {isa = PBXBuildFile; fileRef = 93B21FF828D4703000B8EDC3 /* Main.swift */; };
		93B21FFB28D4706000B8EDC3 /* Login.swift in Sources */ = {isa = PBXBuildFile; fileRef = 93B21FFA28D4706000B8EDC3 /* Login.swift */; };
		93B21FFD28D47AA800B8EDC3 /* GoogleService-Info.plist in Resources */ = {isa = PBXBuildFile; fileRef = 93B21FFC28D47AA800B8EDC3 /* GoogleService-Info.plist */; };
		93B2200028D47C8000B8EDC3 /* FirebaseAuth in Frameworks */ = {isa = PBXBuildFile; productRef = 93B21FFF28D47C8000B8EDC3 /* FirebaseAuth */; };
		93B2200228D47C8000B8EDC3 /* FirebaseMessaging in Frameworks */ = {isa = PBXBuildFile; productRef = 93B2200128D47C8000B8EDC3 /* FirebaseMessaging */; };
		93B2200428D47C8000B8EDC3 /* FirebaseStorage in Frameworks */ = {isa = PBXBuildFile; productRef = 93B2200328D47C8000B8EDC3 /* FirebaseStorage */; };
/* End PBXBuildFile section */

/* Begin PBXFileReference section */
		934946C928D1D40F007E0CC4 /* Danggen market study.app */ = {isa = PBXFileReference; explicitFileType = wrapper.application; includeInIndex = 0; path = "Danggen market study.app"; sourceTree = BUILT_PRODUCTS_DIR; };
		934946CC28D1D40F007E0CC4 /* AppDelegate.swift */ = {isa = PBXFileReference; lastKnownFileType = sourcecode.swift; path = AppDelegate.swift; sourceTree = "<group>"; };
		934946CE28D1D40F007E0CC4 /* SceneDelegate.swift */ = {isa = PBXFileReference; lastKnownFileType = sourcecode.swift; path = SceneDelegate.swift; sourceTree = "<group>"; };
		934946D028D1D40F007E0CC4 /* ViewController.swift */ = {isa = PBXFileReference; lastKnownFileType = sourcecode.swift; path = ViewController.swift; sourceTree = "<group>"; };
		934946D328D1D40F007E0CC4 /* Base */ = {isa = PBXFileReference; lastKnownFileType = file.storyboard; name = Base; path = Base.lproj/Main.storyboard; sourceTree = "<group>"; };
		934946D528D1D411007E0CC4 /* Assets.xcassets */ = {isa = PBXFileReference; lastKnownFileType = folder.assetcatalog; path = Assets.xcassets; sourceTree = "<group>"; };
		934946D828D1D411007E0CC4 /* Base */ = {isa = PBXFileReference; lastKnownFileType = file.storyboard; name = Base; path = Base.lproj/LaunchScreen.storyboard; sourceTree = "<group>"; };
		934946DA28D1D411007E0CC4 /* Info.plist */ = {isa = PBXFileReference; lastKnownFileType = text.plist.xml; path = Info.plist; sourceTree = "<group>"; };
		934946E228D1D95A007E0CC4 /* 당근마켓 아이콘.png */ = {isa = PBXFileReference; lastKnownFileType = image.png; path = "당근마켓 아이콘.png"; sourceTree = "<group>"; };
		934946EB28D2E76C007E0CC4 /* Dongne.swift */ = {isa = PBXFileReference; lastKnownFileType = sourcecode.swift; path = Dongne.swift; sourceTree = "<group>"; };
		934946ED28D2E8B3007E0CC4 /* Myaround.swift */ = {isa = PBXFileReference; lastKnownFileType = sourcecode.swift; path = Myaround.swift; sourceTree = "<group>"; };
		934946EF28D2E923007E0CC4 /* Chat.swift */ = {isa = PBXFileReference; lastKnownFileType = sourcecode.swift; path = Chat.swift; sourceTree = "<group>"; };
		934946F128D2E9B3007E0CC4 /* MyDanggen.swift */ = {isa = PBXFileReference; lastKnownFileType = sourcecode.swift; path = MyDanggen.swift; sourceTree = "<group>"; };
		93B21FF828D4703000B8EDC3 /* Main.swift */ = {isa = PBXFileReference; lastKnownFileType = sourcecode.swift; path = Main.swift; sourceTree = "<group>"; };
		93B21FFA28D4706000B8EDC3 /* Login.swift */ = {isa = PBXFileReference; lastKnownFileType = sourcecode.swift; path = Login.swift; sourceTree = "<group>"; };
		93B21FFC28D47AA800B8EDC3 /* GoogleService-Info.plist */ = {isa = PBXFileReference; fileEncoding = 4; lastKnownFileType = text.plist.xml; path = "GoogleService-Info.plist"; sourceTree = "<group>"; };
/* End PBXFileReference section */

/* Begin PBXFrameworksBuildPhase section */
		934946C628D1D40F007E0CC4 /* Frameworks */ = {
			isa = PBXFrameworksBuildPhase;
			buildActionMask = 2147483647;
			files = (
				93B2200228D47C8000B8EDC3 /* FirebaseMessaging in Frameworks */,
				93B21FF128D43FB100B8EDC3 /* RxRelay in Frameworks */,
				93B2200028D47C8000B8EDC3 /* FirebaseAuth in Frameworks */,
				93B21FEF28D43FB100B8EDC3 /* RxCocoa in Frameworks */,
				93B2200428D47C8000B8EDC3 /* FirebaseStorage in Frameworks */,
				93B21FF328D43FB100B8EDC3 /* RxSwift in Frameworks */,
				93B21FEC28D43F1300B8EDC3 /* SnapKit in Frameworks */,
			);
			runOnlyForDeploymentPostprocessing = 0;
		};
/* End PBXFrameworksBuildPhase section */

/* Begin PBXGroup section */
		934946C028D1D40F007E0CC4 = {
			isa = PBXGroup;
			children = (
				934946CB28D1D40F007E0CC4 /* Danggen market study */,
				934946CA28D1D40F007E0CC4 /* Products */,
			);
			sourceTree = "<group>";
		};
		934946CA28D1D40F007E0CC4 /* Products */ = {
			isa = PBXGroup;
			children = (
				934946C928D1D40F007E0CC4 /* Danggen market study.app */,
			);
			name = Products;
			sourceTree = "<group>";
		};
		934946CB28D1D40F007E0CC4 /* Danggen market study */ = {
			isa = PBXGroup;
			children = (
				934946CC28D1D40F007E0CC4 /* AppDelegate.swift */,
				934946CE28D1D40F007E0CC4 /* SceneDelegate.swift */,
				934946D028D1D40F007E0CC4 /* ViewController.swift */,
				934946D228D1D40F007E0CC4 /* Main.storyboard */,
				934946F128D2E9B3007E0CC4 /* MyDanggen.swift */,
				93B21FF828D4703000B8EDC3 /* Main.swift */,
				93B21FFA28D4706000B8EDC3 /* Login.swift */,
				934946EF28D2E923007E0CC4 /* Chat.swift */,
				934946ED28D2E8B3007E0CC4 /* Myaround.swift */,
				934946EB28D2E76C007E0CC4 /* Dongne.swift */,
				934946D528D1D411007E0CC4 /* Assets.xcassets */,
				934946E228D1D95A007E0CC4 /* 당근마켓 아이콘.png */,
				934946D728D1D411007E0CC4 /* LaunchScreen.storyboard */,
				934946DA28D1D411007E0CC4 /* Info.plist */,
				93B21FFC28D47AA800B8EDC3 /* GoogleService-Info.plist */,
			);
			path = "Danggen market study";
			sourceTree = "<group>";
		};
/* End PBXGroup section */

/* Begin PBXNativeTarget section */
		934946C828D1D40F007E0CC4 /* Danggen market study */ = {
			isa = PBXNativeTarget;
			buildConfigurationList = 934946DD28D1D411007E0CC4 /* Build configuration list for PBXNativeTarget "Danggen market study" */;
			buildPhases = (
				934946C528D1D40F007E0CC4 /* Sources */,
				934946C628D1D40F007E0CC4 /* Frameworks */,
				934946C728D1D40F007E0CC4 /* Resources */,
			);
			buildRules = (
			);
			dependencies = (
			);
			name = "Danggen market study";
			packageProductDependencies = (
				93B21FEB28D43F1300B8EDC3 /* SnapKit */,
				93B21FEE28D43FB100B8EDC3 /* RxCocoa */,
				93B21FF028D43FB100B8EDC3 /* RxRelay */,
				93B21FF228D43FB100B8EDC3 /* RxSwift */,
				93B21FFF28D47C8000B8EDC3 /* FirebaseAuth */,
				93B2200128D47C8000B8EDC3 /* FirebaseMessaging */,
				93B2200328D47C8000B8EDC3 /* FirebaseStorage */,
			);
			productName = "Danggen market study";
			productReference = 934946C928D1D40F007E0CC4 /* Danggen market study.app */;
			productType = "com.apple.product-type.application";
		};
/* End PBXNativeTarget section */

/* Begin PBXProject section */
		934946C128D1D40F007E0CC4 /* Project object */ = {
			isa = PBXProject;
			attributes = {
				BuildIndependentTargetsInParallel = 1;
				LastSwiftUpdateCheck = 1340;
				LastUpgradeCheck = 1340;
				TargetAttributes = {
					934946C828D1D40F007E0CC4 = {
						CreatedOnToolsVersion = 13.4.1;
					};
				};
			};
			buildConfigurationList = 934946C428D1D40F007E0CC4 /* Build configuration list for PBXProject "Danggen market study" */;
			compatibilityVersion = "Xcode 13.0";
			developmentRegion = en;
			hasScannedForEncodings = 0;
			knownRegions = (
				en,
				Base,
			);
			mainGroup = 934946C028D1D40F007E0CC4;
			packageReferences = (
				93B21FEA28D43F1300B8EDC3 /* XCRemoteSwiftPackageReference "SnapKit" */,
				93B21FED28D43FB100B8EDC3 /* XCRemoteSwiftPackageReference "RxSwift" */,
				93B21FFE28D47C8000B8EDC3 /* XCRemoteSwiftPackageReference "firebase-ios-sdk" */,
			);
			productRefGroup = 934946CA28D1D40F007E0CC4 /* Products */;
			projectDirPath = "";
			projectRoot = "";
			targets = (
				934946C828D1D40F007E0CC4 /* Danggen market study */,
			);
		};
/* End PBXProject section */

/* Begin PBXResourcesBuildPhase section */
		934946C728D1D40F007E0CC4 /* Resources */ = {
			isa = PBXResourcesBuildPhase;
			buildActionMask = 2147483647;
			files = (
				934946D928D1D411007E0CC4 /* LaunchScreen.storyboard in Resources */,
				934946E328D1D95A007E0CC4 /* 당근마켓 아이콘.png in Resources */,
				93B21FFD28D47AA800B8EDC3 /* GoogleService-Info.plist in Resources */,
				934946D628D1D411007E0CC4 /* Assets.xcassets in Resources */,
				934946D428D1D40F007E0CC4 /* Main.storyboard in Resources */,
			);
			runOnlyForDeploymentPostprocessing = 0;
		};
/* End PBXResourcesBuildPhase section */

/* Begin PBXSourcesBuildPhase section */
		934946C528D1D40F007E0CC4 /* Sources */ = {
			isa = PBXSourcesBuildPhase;
			buildActionMask = 2147483647;
			files = (
				934946D128D1D40F007E0CC4 /* ViewController.swift in Sources */,
				934946F028D2E923007E0CC4 /* Chat.swift in Sources */,
				93B21FF928D4703000B8EDC3 /* Main.swift in Sources */,
				934946CD28D1D40F007E0CC4 /* AppDelegate.swift in Sources */,
				934946EE28D2E8B3007E0CC4 /* Myaround.swift in Sources */,
				934946EC28D2E76C007E0CC4 /* Dongne.swift in Sources */,
				93B21FFB28D4706000B8EDC3 /* Login.swift in Sources */,
				934946CF28D1D40F007E0CC4 /* SceneDelegate.swift in Sources */,
				934946F228D2E9B3007E0CC4 /* MyDanggen.swift in Sources */,
			);
			runOnlyForDeploymentPostprocessing = 0;
		};
/* End PBXSourcesBuildPhase section */

/* Begin PBXVariantGroup section */
		934946D228D1D40F007E0CC4 /* Main.storyboard */ = {
			isa = PBXVariantGroup;
			children = (
				934946D328D1D40F007E0CC4 /* Base */,
			);
			name = Main.storyboard;
			sourceTree = "<group>";
		};
		934946D728D1D411007E0CC4 /* LaunchScreen.storyboard */ = {
			isa = PBXVariantGroup;
			children = (
				934946D828D1D411007E0CC4 /* Base */,
			);
			name = LaunchScreen.storyboard;
			sourceTree = "<group>";
		};
/* End PBXVariantGroup section */

/* Begin XCBuildConfiguration section */
		934946DB28D1D411007E0CC4 /* Debug */ = {
			isa = XCBuildConfiguration;
			buildSettings = {
				ALWAYS_SEARCH_USER_PATHS = NO;
				CLANG_ANALYZER_NONNULL = YES;
				CLANG_ANALYZER_NUMBER_OBJECT_CONVERSION = YES_AGGRESSIVE;
				CLANG_CXX_LANGUAGE_STANDARD = "gnu++17";
				CLANG_ENABLE_MODULES = YES;
				CLANG_ENABLE_OBJC_ARC = YES;
				CLANG_ENABLE_OBJC_WEAK = YES;
				CLANG_WARN_BLOCK_CAPTURE_AUTORELEASING = YES;
				CLANG_WARN_BOOL_CONVERSION = YES;
				CLANG_WARN_COMMA = YES;
				CLANG_WARN_CONSTANT_CONVERSION = YES;
				CLANG_WARN_DEPRECATED_OBJC_IMPLEMENTATIONS = YES;
				CLANG_WARN_DIRECT_OBJC_ISA_USAGE = YES_ERROR;
				CLANG_WARN_DOCUMENTATION_COMMENTS = YES;
				CLANG_WARN_EMPTY_BODY = YES;
				CLANG_WARN_ENUM_CONVERSION = YES;
				CLANG_WARN_INFINITE_RECURSION = YES;
				CLANG_WARN_INT_CONVERSION = YES;
				CLANG_WARN_NON_LITERAL_NULL_CONVERSION = YES;
				CLANG_WARN_OBJC_IMPLICIT_RETAIN_SELF = YES;
				CLANG_WARN_OBJC_LITERAL_CONVERSION = YES;
				CLANG_WARN_OBJC_ROOT_CLASS = YES_ERROR;
				CLANG_WARN_QUOTED_INCLUDE_IN_FRAMEWORK_HEADER = YES;
				CLANG_WARN_RANGE_LOOP_ANALYSIS = YES;
				CLANG_WARN_STRICT_PROTOTYPES = YES;
				CLANG_WARN_SUSPICIOUS_MOVE = YES;
				CLANG_WARN_UNGUARDED_AVAILABILITY = YES_AGGRESSIVE;
				CLANG_WARN_UNREACHABLE_CODE = YES;
				CLANG_WARN__DUPLICATE_METHOD_MATCH = YES;
				COPY_PHASE_STRIP = NO;
				DEBUG_INFORMATION_FORMAT = dwarf;
				ENABLE_STRICT_OBJC_MSGSEND = YES;
				ENABLE_TESTABILITY = YES;
				GCC_C_LANGUAGE_STANDARD = gnu11;
				GCC_DYNAMIC_NO_PIC = NO;
				GCC_NO_COMMON_BLOCKS = YES;
				GCC_OPTIMIZATION_LEVEL = 0;
				GCC_PREPROCESSOR_DEFINITIONS = (
					"DEBUG=1",
					"$(inherited)",
				);
				GCC_WARN_64_TO_32_BIT_CONVERSION = YES;
				GCC_WARN_ABOUT_RETURN_TYPE = YES_ERROR;
				GCC_WARN_UNDECLARED_SELECTOR = YES;
				GCC_WARN_UNINITIALIZED_AUTOS = YES_AGGRESSIVE;
				GCC_WARN_UNUSED_FUNCTION = YES;
				GCC_WARN_UNUSED_VARIABLE = YES;
				IPHONEOS_DEPLOYMENT_TARGET = 15.5;
				MTL_ENABLE_DEBUG_INFO = INCLUDE_SOURCE;
				MTL_FAST_MATH = YES;
				ONLY_ACTIVE_ARCH = YES;
				SDKROOT = iphoneos;
				SWIFT_ACTIVE_COMPILATION_CONDITIONS = DEBUG;
				SWIFT_OPTIMIZATION_LEVEL = "-Onone";
			};
			name = Debug;
		};
		934946DC28D1D411007E0CC4 /* Release */ = {
			isa = XCBuildConfiguration;
			buildSettings = {
				ALWAYS_SEARCH_USER_PATHS = NO;
				CLANG_ANALYZER_NONNULL = YES;
				CLANG_ANALYZER_NUMBER_OBJECT_CONVERSION = YES_AGGRESSIVE;
				CLANG_CXX_LANGUAGE_STANDARD = "gnu++17";
				CLANG_ENABLE_MODULES = YES;
				CLANG_ENABLE_OBJC_ARC = YES;
				CLANG_ENABLE_OBJC_WEAK = YES;
				CLANG_WARN_BLOCK_CAPTURE_AUTORELEASING = YES;
				CLANG_WARN_BOOL_CONVERSION = YES;
				CLANG_WARN_COMMA = YES;
				CLANG_WARN_CONSTANT_CONVERSION = YES;
				CLANG_WARN_DEPRECATED_OBJC_IMPLEMENTATIONS = YES;
				CLANG_WARN_DIRECT_OBJC_ISA_USAGE = YES_ERROR;
				CLANG_WARN_DOCUMENTATION_COMMENTS = YES;
				CLANG_WARN_EMPTY_BODY = YES;
				CLANG_WARN_ENUM_CONVERSION = YES;
				CLANG_WARN_INFINITE_RECURSION = YES;
				CLANG_WARN_INT_CONVERSION = YES;
				CLANG_WARN_NON_LITERAL_NULL_CONVERSION = YES;
				CLANG_WARN_OBJC_IMPLICIT_RETAIN_SELF = YES;
				CLANG_WARN_OBJC_LITERAL_CONVERSION = YES;
				CLANG_WARN_OBJC_ROOT_CLASS = YES_ERROR;
				CLANG_WARN_QUOTED_INCLUDE_IN_FRAMEWORK_HEADER = YES;
				CLANG_WARN_RANGE_LOOP_ANALYSIS = YES;
				CLANG_WARN_STRICT_PROTOTYPES = YES;
				CLANG_WARN_SUSPICIOUS_MOVE = YES;
				CLANG_WARN_UNGUARDED_AVAILABILITY = YES_AGGRESSIVE;
				CLANG_WARN_UNREACHABLE_CODE = YES;
				CLANG_WARN__DUPLICATE_METHOD_MATCH = YES;
				COPY_PHASE_STRIP = NO;
				DEBUG_INFORMATION_FORMAT = "dwarf-with-dsym";
				ENABLE_NS_ASSERTIONS = NO;
				ENABLE_STRICT_OBJC_MSGSEND = YES;
				GCC_C_LANGUAGE_STANDARD = gnu11;
				GCC_NO_COMMON_BLOCKS = YES;
				GCC_WARN_64_TO_32_BIT_CONVERSION = YES;
				GCC_WARN_ABOUT_RETURN_TYPE = YES_ERROR;
				GCC_WARN_UNDECLARED_SELECTOR = YES;
				GCC_WARN_UNINITIALIZED_AUTOS = YES_AGGRESSIVE;
				GCC_WARN_UNUSED_FUNCTION = YES;
				GCC_WARN_UNUSED_VARIABLE = YES;
				IPHONEOS_DEPLOYMENT_TARGET = 15.5;
				MTL_ENABLE_DEBUG_INFO = NO;
				MTL_FAST_MATH = YES;
				SDKROOT = iphoneos;
				SWIFT_COMPILATION_MODE = wholemodule;
				SWIFT_OPTIMIZATION_LEVEL = "-O";
				VALIDATE_PRODUCT = YES;
			};
			name = Release;
		};
		934946DE28D1D411007E0CC4 /* Debug */ = {
			isa = XCBuildConfiguration;
			buildSettings = {
				ASSETCATALOG_COMPILER_APPICON_NAME = AppIcon;
				ASSETCATALOG_COMPILER_GLOBAL_ACCENT_COLOR_NAME = AccentColor;
				CODE_SIGN_STYLE = Automatic;
				CURRENT_PROJECT_VERSION = 1;
				DEVELOPMENT_TEAM = 3L97JN3N9K;
				GENERATE_INFOPLIST_FILE = YES;
				INFOPLIST_FILE = "Danggen market study/Info.plist";
				INFOPLIST_KEY_UIApplicationSupportsIndirectInputEvents = YES;
				INFOPLIST_KEY_UILaunchStoryboardName = LaunchScreen;
				INFOPLIST_KEY_UIMainStoryboardFile = Main;
				INFOPLIST_KEY_UISupportedInterfaceOrientations_iPad = "UIInterfaceOrientationPortrait UIInterfaceOrientationPortraitUpsideDown UIInterfaceOrientationLandscapeLeft UIInterfaceOrientationLandscapeRight";
				INFOPLIST_KEY_UISupportedInterfaceOrientations_iPhone = "UIInterfaceOrientationPortrait UIInterfaceOrientationLandscapeLeft UIInterfaceOrientationLandscapeRight";
				LD_RUNPATH_SEARCH_PATHS = (
					"$(inherited)",
					"@executable_path/Frameworks",
				);
				MARKETING_VERSION = 1.0;
				PRODUCT_BUNDLE_IDENTIFIER = "GalhyunFamily.Danggen-market-study";
				PRODUCT_NAME = "$(TARGET_NAME)";
				SWIFT_EMIT_LOC_STRINGS = YES;
				SWIFT_VERSION = 5.0;
				TARGETED_DEVICE_FAMILY = "1,2";
			};
			name = Debug;
		};
		934946DF28D1D411007E0CC4 /* Release */ = {
			isa = XCBuildConfiguration;
			buildSettings = {
				ASSETCATALOG_COMPILER_APPICON_NAME = AppIcon;
				ASSETCATALOG_COMPILER_GLOBAL_ACCENT_COLOR_NAME = AccentColor;
				CODE_SIGN_STYLE = Automatic;
				CURRENT_PROJECT_VERSION = 1;
				DEVELOPMENT_TEAM = 3L97JN3N9K;
				GENERATE_INFOPLIST_FILE = YES;
				INFOPLIST_FILE = "Danggen market study/Info.plist";
				INFOPLIST_KEY_UIApplicationSupportsIndirectInputEvents = YES;
				INFOPLIST_KEY_UILaunchStoryboardName = LaunchScreen;
				INFOPLIST_KEY_UIMainStoryboardFile = Main;
				INFOPLIST_KEY_UISupportedInterfaceOrientations_iPad = "UIInterfaceOrientationPortrait UIInterfaceOrientationPortraitUpsideDown UIInterfaceOrientationLandscapeLeft UIInterfaceOrientationLandscapeRight";
				INFOPLIST_KEY_UISupportedInterfaceOrientations_iPhone = "UIInterfaceOrientationPortrait UIInterfaceOrientationLandscapeLeft UIInterfaceOrientationLandscapeRight";
				LD_RUNPATH_SEARCH_PATHS = (
					"$(inherited)",
					"@executable_path/Frameworks",
				);
				MARKETING_VERSION = 1.0;
				PRODUCT_BUNDLE_IDENTIFIER = "GalhyunFamily.Danggen-market-study";
				PRODUCT_NAME = "$(TARGET_NAME)";
				SWIFT_EMIT_LOC_STRINGS = YES;
				SWIFT_VERSION = 5.0;
				TARGETED_DEVICE_FAMILY = "1,2";
			};
			name = Release;
		};
/* End XCBuildConfiguration section */

/* Begin XCConfigurationList section */
		934946C428D1D40F007E0CC4 /* Build configuration list for PBXProject "Danggen market study" */ = {
			isa = XCConfigurationList;
			buildConfigurations = (
				934946DB28D1D411007E0CC4 /* Debug */,
				934946DC28D1D411007E0CC4 /* Release */,
			);
			defaultConfigurationIsVisible = 0;
			defaultConfigurationName = Release;
		};
		934946DD28D1D411007E0CC4 /* Build configuration list for PBXNativeTarget "Danggen market study" */ = {
			isa = XCConfigurationList;
			buildConfigurations = (
				934946DE28D1D411007E0CC4 /* Debug */,
				934946DF28D1D411007E0CC4 /* Release */,
			);
			defaultConfigurationIsVisible = 0;
			defaultConfigurationName = Release;
		};
/* End XCConfigurationList section */

/* Begin XCRemoteSwiftPackageReference section */
		93B21FEA28D43F1300B8EDC3 /* XCRemoteSwiftPackageReference "SnapKit" */ = {
			isa = XCRemoteSwiftPackageReference;
			repositoryURL = "https://github.com/SnapKit/SnapKit";
			requirement = {
				kind = upToNextMajorVersion;
				minimumVersion = 5.0.0;
			};
		};
		93B21FED28D43FB100B8EDC3 /* XCRemoteSwiftPackageReference "RxSwift" */ = {
			isa = XCRemoteSwiftPackageReference;
			repositoryURL = "https://github.com/ReactiveX/RxSwift.git";
			requirement = {
				kind = upToNextMajorVersion;
				minimumVersion = 6.0.0;
			};
		};
		93B21FFE28D47C8000B8EDC3 /* XCRemoteSwiftPackageReference "firebase-ios-sdk" */ = {
			isa = XCRemoteSwiftPackageReference;
			repositoryURL = "https://github.com/firebase/firebase-ios-sdk";
			requirement = {
				kind = upToNextMajorVersion;
				minimumVersion = 9.0.0;
			};
		};
/* End XCRemoteSwiftPackageReference section */

/* Begin XCSwiftPackageProductDependency section */
		93B21FEB28D43F1300B8EDC3 /* SnapKit */ = {
			isa = XCSwiftPackageProductDependency;
			package = 93B21FEA28D43F1300B8EDC3 /* XCRemoteSwiftPackageReference "SnapKit" */;
			productName = SnapKit;
		};
		93B21FEE28D43FB100B8EDC3 /* RxCocoa */ = {
			isa = XCSwiftPackageProductDependency;
			package = 93B21FED28D43FB100B8EDC3 /* XCRemoteSwiftPackageReference "RxSwift" */;
			productName = RxCocoa;
		};
		93B21FF028D43FB100B8EDC3 /* RxRelay */ = {
			isa = XCSwiftPackageProductDependency;
			package = 93B21FED28D43FB100B8EDC3 /* XCRemoteSwiftPackageReference "RxSwift" */;
			productName = RxRelay;
		};
		93B21FF228D43FB100B8EDC3 /* RxSwift */ = {
			isa = XCSwiftPackageProductDependency;
			package = 93B21FED28D43FB100B8EDC3 /* XCRemoteSwiftPackageReference "RxSwift" */;
			productName = RxSwift;
		};
		93B21FFF28D47C8000B8EDC3 /* FirebaseAuth */ = {
			isa = XCSwiftPackageProductDependency;
			package = 93B21FFE28D47C8000B8EDC3 /* XCRemoteSwiftPackageReference "firebase-ios-sdk" */;
			productName = FirebaseAuth;
		};
		93B2200128D47C8000B8EDC3 /* FirebaseMessaging */ = {
			isa = XCSwiftPackageProductDependency;
			package = 93B21FFE28D47C8000B8EDC3 /* XCRemoteSwiftPackageReference "firebase-ios-sdk" */;
			productName = FirebaseMessaging;
		};
		93B2200328D47C8000B8EDC3 /* FirebaseStorage */ = {
			isa = XCSwiftPackageProductDependency;
			package = 93B21FFE28D47C8000B8EDC3 /* XCRemoteSwiftPackageReference "firebase-ios-sdk" */;
			productName = FirebaseStorage;
		};
/* End XCSwiftPackageProductDependency section */
	};
	rootObject = 934946C128D1D40F007E0CC4 /* Project object */;
}
